{
    "_readme": [
        "This file locks the dependencies of your project to a known state",
        "Read more about it at https://getcomposer.org/doc/01-basic-usage.md#installing-dependencies",
        "This file is @generated automatically"
    ],
    "content-hash": "506cbb2da19cb39ce2933e40e8cfeb40",
    "packages": [
        {
            "name": "defuse/php-encryption",
            "version": "v2.4.0",
            "source": {
                "type": "git",
                "url": "https://github.com/defuse/php-encryption.git",
                "reference": "f53396c2d34225064647a05ca76c1da9d99e5828"
            },
            "dist": {
                "type": "zip",
                "url": "https://api.github.com/repos/defuse/php-encryption/zipball/f53396c2d34225064647a05ca76c1da9d99e5828",
                "reference": "f53396c2d34225064647a05ca76c1da9d99e5828",
                "shasum": ""
            },
            "require": {
                "ext-openssl": "*",
                "paragonie/random_compat": ">= 2",
                "php": ">=5.6.0"
            },
            "require-dev": {
                "phpunit/phpunit": "^5|^6|^7|^8|^9|^10",
                "yoast/phpunit-polyfills": "^2.0.0"
            },
            "bin": [
                "bin/generate-defuse-key"
            ],
            "type": "library",
            "autoload": {
                "psr-4": {
                    "Defuse\\Crypto\\": "src"
                }
            },
            "notification-url": "https://packagist.org/downloads/",
            "license": [
                "MIT"
            ],
            "authors": [
                {
                    "name": "Taylor Hornby",
                    "email": "taylor@defuse.ca",
                    "homepage": "https://defuse.ca/"
                },
                {
                    "name": "Scott Arciszewski",
                    "email": "info@paragonie.com",
                    "homepage": "https://paragonie.com"
                }
            ],
            "description": "Secure PHP Encryption Library",
            "keywords": [
                "aes",
                "authenticated encryption",
                "cipher",
                "crypto",
                "cryptography",
                "encrypt",
                "encryption",
                "openssl",
                "security",
                "symmetric key cryptography"
            ],
            "support": {
                "issues": "https://github.com/defuse/php-encryption/issues",
                "source": "https://github.com/defuse/php-encryption/tree/v2.4.0"
            },
            "time": "2023-06-19T06:10:36+00:00"
        },
        {
            "name": "jefferson49/webtrees-common",
            "version": "1.2.19",
            "source": {
                "type": "git",
                "url": "https://github.com/Jefferson49/webtrees-common.git",
                "reference": "8db407ede7127417e3b79138ee1263501d42b321"
            },
            "require": {
                "php": ">=7.4"
            },
            "type": "library",
            "license": [
                "GPL-3.0"
            ],
            "description": "Library to share common code between webtrees custom modules",
            "keywords": [
                "custom-module",
                "webtrees",
                "webtrees-module"
            ],
            "time": "2025-11-24T06:18:39+00:00"
        },
        {
            "name": "lcobucci/clock",
            "version": "3.5.0",
            "source": {
                "type": "git",
                "url": "https://github.com/lcobucci/clock.git",
                "reference": "a3139d9e97d47826f27e6a17bb63f13621f86058"
            },
            "dist": {
                "type": "zip",
                "url": "https://api.github.com/repos/lcobucci/clock/zipball/a3139d9e97d47826f27e6a17bb63f13621f86058",
                "reference": "a3139d9e97d47826f27e6a17bb63f13621f86058",
                "shasum": ""
            },
            "require": {
                "php": "~8.3.0 || ~8.4.0 || ~8.5.0",
                "psr/clock": "^1.0"
            },
            "provide": {
                "psr/clock-implementation": "1.0"
            },
            "require-dev": {
                "infection/infection": "^0.31",
                "lcobucci/coding-standard": "^11.2.0",
                "phpstan/extension-installer": "^1.3.1",
                "phpstan/phpstan": "^2.0.0",
                "phpstan/phpstan-deprecation-rules": "^2.0.0",
                "phpstan/phpstan-phpunit": "^2.0.0",
                "phpstan/phpstan-strict-rules": "^2.0.0",
                "phpunit/phpunit": "^12.0.0"
            },
            "type": "library",
            "autoload": {
                "psr-4": {
                    "Lcobucci\\Clock\\": "src"
                }
            },
            "notification-url": "https://packagist.org/downloads/",
            "license": [
                "MIT"
            ],
            "authors": [
                {
                    "name": "Luís Cobucci",
                    "email": "lcobucci@gmail.com"
                }
            ],
            "description": "Yet another clock abstraction",
            "support": {
                "issues": "https://github.com/lcobucci/clock/issues",
                "source": "https://github.com/lcobucci/clock/tree/3.5.0"
            },
            "funding": [
                {
                    "url": "https://github.com/lcobucci",
                    "type": "github"
                },
                {
                    "url": "https://www.patreon.com/lcobucci",
                    "type": "patreon"
                }
            ],
            "time": "2025-10-27T09:03:17+00:00"
        },
        {
            "name": "lcobucci/jwt",
            "version": "5.6.0",
            "source": {
                "type": "git",
                "url": "https://github.com/lcobucci/jwt.git",
                "reference": "bb3e9f21e4196e8afc41def81ef649c164bca25e"
            },
            "dist": {
                "type": "zip",
                "url": "https://api.github.com/repos/lcobucci/jwt/zipball/bb3e9f21e4196e8afc41def81ef649c164bca25e",
                "reference": "bb3e9f21e4196e8afc41def81ef649c164bca25e",
                "shasum": ""
            },
            "require": {
                "ext-openssl": "*",
                "ext-sodium": "*",
                "php": "~8.2.0 || ~8.3.0 || ~8.4.0 || ~8.5.0",
                "psr/clock": "^1.0"
            },
            "require-dev": {
                "infection/infection": "^0.29",
                "lcobucci/clock": "^3.2",
                "lcobucci/coding-standard": "^11.0",
                "phpbench/phpbench": "^1.2",
                "phpstan/extension-installer": "^1.2",
                "phpstan/phpstan": "^1.10.7",
                "phpstan/phpstan-deprecation-rules": "^1.1.3",
                "phpstan/phpstan-phpunit": "^1.3.10",
                "phpstan/phpstan-strict-rules": "^1.5.0",
                "phpunit/phpunit": "^11.1"
            },
            "suggest": {
                "lcobucci/clock": ">= 3.2"
            },
            "type": "library",
            "autoload": {
                "psr-4": {
                    "Lcobucci\\JWT\\": "src"
                }
            },
            "notification-url": "https://packagist.org/downloads/",
            "license": [
                "BSD-3-Clause"
            ],
            "authors": [
                {
                    "name": "Luís Cobucci",
                    "email": "lcobucci@gmail.com",
                    "role": "Developer"
                }
            ],
            "description": "A simple library to work with JSON Web Token and JSON Web Signature",
            "keywords": [
                "JWS",
                "jwt"
            ],
            "support": {
                "issues": "https://github.com/lcobucci/jwt/issues",
                "source": "https://github.com/lcobucci/jwt/tree/5.6.0"
            },
            "funding": [
                {
                    "url": "https://github.com/lcobucci",
                    "type": "github"
                },
                {
                    "url": "https://www.patreon.com/lcobucci",
                    "type": "patreon"
                }
            ],
            "time": "2025-10-17T11:30:53+00:00"
        },
        {
            "name": "league/event",
            "version": "3.0.3",
            "source": {
                "type": "git",
                "url": "https://github.com/thephpleague/event.git",
                "reference": "ec38ff7ea10cad7d99a79ac937fbcffb9334c210"
            },
            "dist": {
                "type": "zip",
                "url": "https://api.github.com/repos/thephpleague/event/zipball/ec38ff7ea10cad7d99a79ac937fbcffb9334c210",
                "reference": "ec38ff7ea10cad7d99a79ac937fbcffb9334c210",
                "shasum": ""
            },
            "require": {
                "php": ">=7.2.0",
                "psr/event-dispatcher": "^1.0"
            },
            "provide": {
                "psr/event-dispatcher-implementation": "1.0"
            },
            "require-dev": {
                "friendsofphp/php-cs-fixer": "^2.16",
                "phpstan/phpstan": "^0.12.45",
                "phpunit/phpunit": "^8.5"
            },
            "type": "library",
            "extra": {
                "branch-alias": {
                    "dev-master": "3.0-dev"
                }
            },
            "autoload": {
                "psr-4": {
                    "League\\Event\\": "src/"
                }
            },
            "notification-url": "https://packagist.org/downloads/",
            "license": [
                "MIT"
            ],
            "authors": [
                {
                    "name": "Frank de Jonge",
                    "email": "info@frenky.net"
                }
            ],
            "description": "Event package",
            "keywords": [
                "emitter",
                "event",
                "listener"
            ],
            "support": {
                "issues": "https://github.com/thephpleague/event/issues",
                "source": "https://github.com/thephpleague/event/tree/3.0.3"
            },
            "time": "2024-09-04T16:06:53+00:00"
        },
        {
            "name": "league/oauth2-server",
            "version": "9.3.0",
            "source": {
                "type": "git",
                "url": "https://github.com/thephpleague/oauth2-server.git",
                "reference": "d8e2f39f645a82b207bbac441694d6e6079357cb"
            },
            "dist": {
                "type": "zip",
                "url": "https://api.github.com/repos/thephpleague/oauth2-server/zipball/d8e2f39f645a82b207bbac441694d6e6079357cb",
                "reference": "d8e2f39f645a82b207bbac441694d6e6079357cb",
                "shasum": ""
            },
            "require": {
                "defuse/php-encryption": "^2.4",
                "ext-json": "*",
                "ext-openssl": "*",
                "lcobucci/clock": "^2.3 || ^3.0",
                "lcobucci/jwt": "^5.0",
                "league/event": "^3.0",
                "league/uri": "^7.0",
                "php": "~8.1.0 || ~8.2.0 || ~8.3.0 || ~8.4.0  || ~8.5.0",
                "psr/http-message": "^2.0",
                "psr/http-server-middleware": "^1.0"
            },
            "replace": {
                "league/oauth2server": "*",
                "lncd/oauth2": "*"
            },
            "require-dev": {
                "laminas/laminas-diactoros": "^3.5",
                "php-parallel-lint/php-parallel-lint": "^1.3.2",
                "phpstan/extension-installer": "^1.3.1",
                "phpstan/phpstan": "^1.12|^2.0",
                "phpstan/phpstan-deprecation-rules": "^1.1.4|^2.0",
                "phpstan/phpstan-phpunit": "^1.3.15|^2.0",
                "phpstan/phpstan-strict-rules": "^1.5.2|^2.0",
                "phpunit/phpunit": "^10.5|^11.5|^12.0",
                "roave/security-advisories": "dev-master",
                "slevomat/coding-standard": "^8.14.1",
                "squizlabs/php_codesniffer": "^3.8"
            },
            "type": "library",
            "autoload": {
                "psr-4": {
                    "League\\OAuth2\\Server\\": "src/"
                }
            },
            "notification-url": "https://packagist.org/downloads/",
            "license": [
                "MIT"
            ],
            "authors": [
                {
                    "name": "Alex Bilbie",
                    "email": "hello@alexbilbie.com",
                    "homepage": "http://www.alexbilbie.com",
                    "role": "Developer"
                },
                {
                    "name": "Andy Millington",
                    "email": "andrew@noexceptions.io",
                    "homepage": "https://www.noexceptions.io",
                    "role": "Developer"
                }
            ],
            "description": "A lightweight and powerful OAuth 2.0 authorization and resource server library with support for all the core specification grants. This library will allow you to secure your API with OAuth and allow your applications users to approve apps that want to access their data from your API.",
            "homepage": "https://oauth2.thephpleague.com/",
            "keywords": [
                "Authentication",
                "api",
                "auth",
                "authorisation",
                "authorization",
                "oauth",
                "oauth 2",
                "oauth 2.0",
                "oauth2",
                "protect",
                "resource",
                "secure",
                "server"
            ],
            "support": {
                "issues": "https://github.com/thephpleague/oauth2-server/issues",
                "source": "https://github.com/thephpleague/oauth2-server/tree/9.3.0"
            },
            "funding": [
                {
                    "url": "https://github.com/sephster",
                    "type": "github"
                }
            ],
            "time": "2025-11-25T22:51:15+00:00"
        },
        {
            "name": "league/uri",
            "version": "7.8.0",
            "source": {
                "type": "git",
                "url": "https://github.com/thephpleague/uri.git",
                "reference": "4436c6ec8d458e4244448b069cc572d088230b76"
            },
            "dist": {
                "type": "zip",
                "url": "https://api.github.com/repos/thephpleague/uri/zipball/4436c6ec8d458e4244448b069cc572d088230b76",
                "reference": "4436c6ec8d458e4244448b069cc572d088230b76",
                "shasum": ""
            },
            "require": {
                "league/uri-interfaces": "^7.8",
                "php": "^8.1",
                "psr/http-factory": "^1"
            },
            "conflict": {
                "league/uri-schemes": "^1.0"
            },
            "suggest": {
                "ext-bcmath": "to improve IPV4 host parsing",
                "ext-dom": "to convert the URI into an HTML anchor tag",
                "ext-fileinfo": "to create Data URI from file contennts",
                "ext-gmp": "to improve IPV4 host parsing",
                "ext-intl": "to handle IDN host with the best performance",
                "ext-uri": "to use the PHP native URI class",
                "jeremykendall/php-domain-parser": "to further parse the URI host and resolve its Public Suffix and Top Level Domain",
                "league/uri-components": "to provide additional tools to manipulate URI objects components",
                "league/uri-polyfill": "to backport the PHP URI extension for older versions of PHP",
                "php-64bit": "to improve IPV4 host parsing",
                "rowbot/url": "to handle URLs using the WHATWG URL Living Standard specification",
                "symfony/polyfill-intl-idn": "to handle IDN host via the Symfony polyfill if ext-intl is not present"
            },
            "type": "library",
            "extra": {
                "branch-alias": {
                    "dev-master": "7.x-dev"
                }
            },
            "autoload": {
                "psr-4": {
                    "League\\Uri\\": ""
                }
            },
            "notification-url": "https://packagist.org/downloads/",
            "license": [
                "MIT"
            ],
            "authors": [
                {
                    "name": "Ignace Nyamagana Butera",
                    "email": "nyamsprod@gmail.com",
                    "homepage": "https://nyamsprod.com"
                }
            ],
            "description": "URI manipulation library",
            "homepage": "https://uri.thephpleague.com",
            "keywords": [
                "URN",
                "data-uri",
                "file-uri",
                "ftp",
                "hostname",
                "http",
                "https",
                "middleware",
                "parse_str",
                "parse_url",
                "psr-7",
                "query-string",
                "querystring",
                "rfc2141",
                "rfc3986",
                "rfc3987",
                "rfc6570",
                "rfc8141",
                "uri",
                "uri-template",
                "url",
                "ws"
            ],
            "support": {
                "docs": "https://uri.thephpleague.com",
                "forum": "https://thephpleague.slack.com",
                "issues": "https://github.com/thephpleague/uri-src/issues",
                "source": "https://github.com/thephpleague/uri/tree/7.8.0"
            },
            "funding": [
                {
                    "url": "https://github.com/sponsors/nyamsprod",
                    "type": "github"
                }
            ],
            "time": "2026-01-14T17:24:56+00:00"
        },
        {
            "name": "league/uri-interfaces",
            "version": "7.8.0",
            "source": {
                "type": "git",
                "url": "https://github.com/thephpleague/uri-interfaces.git",
                "reference": "c5c5cd056110fc8afaba29fa6b72a43ced42acd4"
            },
            "dist": {
                "type": "zip",
                "url": "https://api.github.com/repos/thephpleague/uri-interfaces/zipball/c5c5cd056110fc8afaba29fa6b72a43ced42acd4",
                "reference": "c5c5cd056110fc8afaba29fa6b72a43ced42acd4",
                "shasum": ""
            },
            "require": {
                "ext-filter": "*",
                "php": "^8.1",
                "psr/http-message": "^1.1 || ^2.0"
            },
            "suggest": {
                "ext-bcmath": "to improve IPV4 host parsing",
                "ext-gmp": "to improve IPV4 host parsing",
                "ext-intl": "to handle IDN host with the best performance",
                "php-64bit": "to improve IPV4 host parsing",
                "rowbot/url": "to handle URLs using the WHATWG URL Living Standard specification",
                "symfony/polyfill-intl-idn": "to handle IDN host via the Symfony polyfill if ext-intl is not present"
            },
            "type": "library",
            "extra": {
                "branch-alias": {
                    "dev-master": "7.x-dev"
                }
            },
            "autoload": {
                "psr-4": {
                    "League\\Uri\\": ""
                }
            },
            "notification-url": "https://packagist.org/downloads/",
            "license": [
                "MIT"
            ],
            "authors": [
                {
                    "name": "Ignace Nyamagana Butera",
                    "email": "nyamsprod@gmail.com",
                    "homepage": "https://nyamsprod.com"
                }
            ],
            "description": "Common tools for parsing and resolving RFC3987/RFC3986 URI",
            "homepage": "https://uri.thephpleague.com",
            "keywords": [
                "data-uri",
                "file-uri",
                "ftp",
                "hostname",
                "http",
                "https",
                "parse_str",
                "parse_url",
                "psr-7",
                "query-string",
                "querystring",
                "rfc3986",
                "rfc3987",
                "rfc6570",
                "uri",
                "url",
                "ws"
            ],
            "support": {
                "docs": "https://uri.thephpleague.com",
                "forum": "https://thephpleague.slack.com",
                "issues": "https://github.com/thephpleague/uri-src/issues",
                "source": "https://github.com/thephpleague/uri-interfaces/tree/7.8.0"
            },
            "funding": [
                {
                    "url": "https://github.com/sponsors/nyamsprod",
                    "type": "github"
                }
            ],
            "time": "2026-01-15T06:54:53+00:00"
        },
        {
            "name": "liberu-genealogy/php-gedcom",
            "version": "dev-main",
            "source": {
                "type": "git",
                "url": "https://github.com/liberu-genealogy/php-gedcom.git",
                "reference": "52636a7c6142ff76422db808cdb3e12409d0abdc"
            },
            "dist": {
                "type": "zip",
                "url": "https://api.github.com/repos/liberu-genealogy/php-gedcom/zipball/52636a7c6142ff76422db808cdb3e12409d0abdc",
                "reference": "52636a7c6142ff76422db808cdb3e12409d0abdc",
                "shasum": ""
            },
            "require": {
                "ext-mbstring": "*",
                "php": ">=8.3"
            },
            "require-dev": {
                "phpunit/phpunit": "^11.0",
                "squizlabs/php_codesniffer": "^3.8"
            },
            "default-branch": true,
            "type": "library",
            "autoload": {
                "psr-4": {
                    "Gedcom\\": "src/"
                }
            },
            "notification-url": "https://packagist.org/downloads/",
            "license": [
                "MIT"
            ],
            "description": "A GEDCOM file parser (read + write) for PHP 8.4+",
            "homepage": "http://github.com/familytree365/php-gedcom",
            "keywords": [
                "gedcom",
                "genealogy",
                "parser"
            ],
            "support": {
                "issues": "https://github.com/liberu-genealogy/php-gedcom/issues",
                "source": "https://github.com/liberu-genealogy/php-gedcom/tree/main"
            },
            "funding": [
                {
                    "url": "https://github.com/liberu-genealogy",
                    "type": "github"
                }
            ],
            "time": "2026-02-15T14:05:02+00:00"
        },
        {
            "name": "nikic/php-parser",
            "version": "v5.7.0",
            "source": {
                "type": "git",
                "url": "https://github.com/nikic/PHP-Parser.git",
                "reference": "dca41cd15c2ac9d055ad70dbfd011130757d1f82"
            },
            "dist": {
                "type": "zip",
                "url": "https://api.github.com/repos/nikic/PHP-Parser/zipball/dca41cd15c2ac9d055ad70dbfd011130757d1f82",
                "reference": "dca41cd15c2ac9d055ad70dbfd011130757d1f82",
                "shasum": ""
            },
            "require": {
                "ext-ctype": "*",
                "ext-json": "*",
                "ext-tokenizer": "*",
                "php": ">=7.4"
            },
            "require-dev": {
                "ircmaxell/php-yacc": "^0.0.7",
                "phpunit/phpunit": "^9.0"
            },
            "bin": [
                "bin/php-parse"
            ],
            "type": "library",
            "extra": {
                "branch-alias": {
                    "dev-master": "5.x-dev"
                }
            },
            "autoload": {
                "psr-4": {
                    "PhpParser\\": "lib/PhpParser"
                }
            },
            "notification-url": "https://packagist.org/downloads/",
            "license": [
                "BSD-3-Clause"
            ],
            "authors": [
                {
                    "name": "Nikita Popov"
                }
            ],
            "description": "A PHP parser written in PHP",
            "keywords": [
                "parser",
                "php"
            ],
            "support": {
                "issues": "https://github.com/nikic/PHP-Parser/issues",
                "source": "https://github.com/nikic/PHP-Parser/tree/v5.7.0"
            },
            "time": "2025-12-06T11:56:16+00:00"
        },
        {
            "name": "paragonie/random_compat",
            "version": "v9.99.100",
            "source": {
                "type": "git",
                "url": "https://github.com/paragonie/random_compat.git",
                "reference": "996434e5492cb4c3edcb9168db6fbb1359ef965a"
            },
            "dist": {
                "type": "zip",
                "url": "https://api.github.com/repos/paragonie/random_compat/zipball/996434e5492cb4c3edcb9168db6fbb1359ef965a",
                "reference": "996434e5492cb4c3edcb9168db6fbb1359ef965a",
                "shasum": ""
            },
            "require": {
                "php": ">= 7"
            },
            "require-dev": {
                "phpunit/phpunit": "4.*|5.*",
                "vimeo/psalm": "^1"
            },
            "suggest": {
                "ext-libsodium": "Provides a modern crypto API that can be used to generate random bytes."
            },
            "type": "library",
            "notification-url": "https://packagist.org/downloads/",
            "license": [
                "MIT"
            ],
            "authors": [
                {
                    "name": "Paragon Initiative Enterprises",
                    "email": "security@paragonie.com",
                    "homepage": "https://paragonie.com"
                }
            ],
            "description": "PHP 5.x polyfill for random_bytes() and random_int() from PHP 7",
            "keywords": [
                "csprng",
                "polyfill",
                "pseudorandom",
                "random"
            ],
            "support": {
                "email": "info@paragonie.com",
                "issues": "https://github.com/paragonie/random_compat/issues",
                "source": "https://github.com/paragonie/random_compat"
            },
            "time": "2020-10-15T08:29:30+00:00"
        },
        {
            "name": "phpstan/phpdoc-parser",
            "version": "2.3.2",
            "source": {
                "type": "git",
                "url": "https://github.com/phpstan/phpdoc-parser.git",
                "reference": "a004701b11273a26cd7955a61d67a7f1e525a45a"
            },
            "dist": {
                "type": "zip",
                "url": "https://api.github.com/repos/phpstan/phpdoc-parser/zipball/a004701b11273a26cd7955a61d67a7f1e525a45a",
                "reference": "a004701b11273a26cd7955a61d67a7f1e525a45a",
                "shasum": ""
            },
            "require": {
                "php": "^7.4 || ^8.0"
            },
            "require-dev": {
                "doctrine/annotations": "^2.0",
                "nikic/php-parser": "^5.3.0",
                "php-parallel-lint/php-parallel-lint": "^1.2",
                "phpstan/extension-installer": "^1.0",
                "phpstan/phpstan": "^2.0",
                "phpstan/phpstan-phpunit": "^2.0",
                "phpstan/phpstan-strict-rules": "^2.0",
                "phpunit/phpunit": "^9.6",
                "symfony/process": "^5.2"
            },
            "type": "library",
            "autoload": {
                "psr-4": {
                    "PHPStan\\PhpDocParser\\": [
                        "src/"
                    ]
                }
            },
            "notification-url": "https://packagist.org/downloads/",
            "license": [
                "MIT"
            ],
            "description": "PHPDoc parser with support for nullable, intersection and generic types",
            "support": {
                "issues": "https://github.com/phpstan/phpdoc-parser/issues",
                "source": "https://github.com/phpstan/phpdoc-parser/tree/2.3.2"
            },
            "time": "2026-01-25T14:56:51+00:00"
        },
        {
            "name": "symfony/finder",
            "version": "v8.0.5",
            "source": {
                "type": "git",
                "url": "https://github.com/symfony/finder.git",
                "reference": "8bd576e97c67d45941365bf824e18dc8538e6eb0"
            },
            "dist": {
                "type": "zip",
                "url": "https://api.github.com/repos/symfony/finder/zipball/8bd576e97c67d45941365bf824e18dc8538e6eb0",
                "reference": "8bd576e97c67d45941365bf824e18dc8538e6eb0",
                "shasum": ""
            },
            "require": {
                "php": ">=8.4"
            },
            "require-dev": {
                "symfony/filesystem": "^7.4|^8.0"
            },
            "type": "library",
            "autoload": {
                "psr-4": {
                    "Symfony\\Component\\Finder\\": ""
                },
                "exclude-from-classmap": [
                    "/Tests/"
                ]
            },
            "notification-url": "https://packagist.org/downloads/",
            "license": [
                "MIT"
            ],
            "authors": [
                {
                    "name": "Fabien Potencier",
                    "email": "fabien@symfony.com"
                },
                {
                    "name": "Symfony Community",
                    "homepage": "https://symfony.com/contributors"
                }
            ],
            "description": "Finds files and directories via an intuitive fluent interface",
            "homepage": "https://symfony.com",
            "support": {
                "source": "https://github.com/symfony/finder/tree/v8.0.5"
            },
            "funding": [
                {
                    "url": "https://symfony.com/sponsor",
                    "type": "custom"
                },
                {
                    "url": "https://github.com/fabpot",
                    "type": "github"
                },
                {
                    "url": "https://github.com/nicolas-grekas",
                    "type": "github"
                },
                {
                    "url": "https://tidelift.com/funding/github/packagist/symfony/symfony",
                    "type": "tidelift"
                }
            ],
            "time": "2026-01-26T15:08:38+00:00"
        },
        {
            "name": "symfony/yaml",
            "version": "v8.0.1",
            "source": {
                "type": "git",
                "url": "https://github.com/symfony/yaml.git",
                "reference": "7a1a90ba1df6e821a6b53c4cabdc32a56cabfb14"
            },
            "dist": {
                "type": "zip",
                "url": "https://api.github.com/repos/symfony/yaml/zipball/7a1a90ba1df6e821a6b53c4cabdc32a56cabfb14",
                "reference": "7a1a90ba1df6e821a6b53c4cabdc32a56cabfb14",
                "shasum": ""
            },
            "require": {
                "php": ">=8.4",
                "symfony/polyfill-ctype": "^1.8"
            },
            "conflict": {
                "symfony/console": "<7.4"
            },
            "require-dev": {
                "symfony/console": "^7.4|^8.0"
            },
            "bin": [
                "Resources/bin/yaml-lint"
            ],
            "type": "library",
            "autoload": {
                "psr-4": {
                    "Symfony\\Component\\Yaml\\": ""
                },
                "exclude-from-classmap": [
                    "/Tests/"
                ]
            },
            "notification-url": "https://packagist.org/downloads/",
            "license": [
                "MIT"
            ],
            "authors": [
                {
                    "name": "Fabien Potencier",
                    "email": "fabien@symfony.com"
                },
                {
                    "name": "Symfony Community",
                    "homepage": "https://symfony.com/contributors"
                }
            ],
            "description": "Loads and dumps YAML files",
            "homepage": "https://symfony.com",
            "support": {
                "source": "https://github.com/symfony/yaml/tree/v8.0.1"
            },
            "funding": [
                {
                    "url": "https://symfony.com/sponsor",
                    "type": "custom"
                },
                {
                    "url": "https://github.com/fabpot",
                    "type": "github"
                },
                {
                    "url": "https://github.com/nicolas-grekas",
                    "type": "github"
                },
                {
                    "url": "https://tidelift.com/funding/github/packagist/symfony/symfony",
                    "type": "tidelift"
                }
            ],
            "time": "2025-12-04T18:17:06+00:00"
        },
        {
            "name": "zircote/swagger-php",
            "version": "5.8.2",
            "source": {
                "type": "git",
                "url": "https://github.com/zircote/swagger-php.git",
                "reference": "18ee6592518238a5a6c9905aae4926d5bbc65754"
            },
            "dist": {
                "type": "zip",
                "url": "https://api.github.com/repos/zircote/swagger-php/zipball/18ee6592518238a5a6c9905aae4926d5bbc65754",
                "reference": "18ee6592518238a5a6c9905aae4926d5bbc65754",
                "shasum": ""
            },
            "require": {
                "ext-json": "*",
                "nikic/php-parser": "^4.19 || ^5.0",
                "php": ">=7.4",
                "phpstan/phpdoc-parser": "^2.0",
                "psr/log": "^1.1 || ^2.0 || ^3.0",
                "symfony/deprecation-contracts": "^2 || ^3",
                "symfony/finder": "^5.0 || ^6.0 || ^7.0 || ^8.0",
                "symfony/yaml": "^5.4 || ^6.0 || ^7.0 || ^8.0"
            },
            "conflict": {
                "symfony/process": ">=6, <6.4.14"
            },
            "require-dev": {
                "composer/package-versions-deprecated": "^1.11",
                "doctrine/annotations": "^2.0",
                "friendsofphp/php-cs-fixer": "^3.62.0",
                "phpstan/phpstan": "^1.6 || ^2.0",
                "phpunit/phpunit": "^9.0",
                "rector/rector": "^1.0 || ^2.3.1",
                "vimeo/psalm": "^4.30 || ^5.0"
            },
            "suggest": {
                "doctrine/annotations": "^2.0",
                "radebatz/type-info-extras": "^1.0.2"
            },
            "bin": [
                "bin/openapi"
            ],
            "type": "library",
            "extra": {
                "branch-alias": {
                    "dev-master": "5.x-dev"
                }
            },
            "autoload": {
                "psr-4": {
                    "OpenApi\\": "src"
                }
            },
            "notification-url": "https://packagist.org/downloads/",
            "license": [
                "Apache-2.0"
            ],
            "authors": [
                {
                    "name": "Robert Allen",
                    "email": "zircote@gmail.com"
                },
                {
                    "name": "Bob Fanger",
                    "email": "bfanger@gmail.com",
                    "homepage": "https://bfanger.nl"
                },
                {
                    "name": "Martin Rademacher",
                    "email": "mano@radebatz.net",
                    "homepage": "https://radebatz.net"
                }
            ],
            "description": "Generate interactive documentation for your RESTful API using PHP attributes (preferred) or PHPDoc annotations",
            "homepage": "https://github.com/zircote/swagger-php",
            "keywords": [
                "api",
                "json",
                "rest",
                "service discovery"
            ],
            "support": {
                "issues": "https://github.com/zircote/swagger-php/issues",
                "source": "https://github.com/zircote/swagger-php/tree/5.8.2"
            },
            "funding": [
                {
                    "url": "https://github.com/zircote",
                    "type": "github"
                }
            ],
            "time": "2026-02-10T20:10:15+00:00"
        }
    ],
    "packages-dev": [],
    "aliases": [],
    "minimum-stability": "stable",
    "stability-flags": {
        "liberu-genealogy/php-gedcom": 20
    },
    "prefer-stable": false,
    "prefer-lowest": false,
    "platform": {},
    "platform-dev": {},
    "plugin-api-version": "2.6.0"
}
